{
  "name": "@swellaby/eslint-config-node-all",
  "version": "0.0.6",
  "lockfileVersion": 1,
  "requires": true,
  "dependencies": {
    "@swellaby/eslint-config-all": {
      "version": "0.0.10",
      "resolved": "https://registry.npmjs.org/@swellaby/eslint-config-all/-/eslint-config-all-0.0.10.tgz",
      "integrity": "sha512-wwxRiCa0etuLOGUoxWOqDWBLbtzSAoUYa8flQgMnE3sRVW2V+rRjT6WMC/pmUTCt6N4eoXjGCtXWG69QOcgZ5w=="
    },
    "@swellaby/eslint-config-env-node": {
      "version": "1.0.5",
      "resolved": "https://registry.npmjs.org/@swellaby/eslint-config-env-node/-/eslint-config-env-node-1.0.5.tgz",
      "integrity": "sha512-bv/3gOET6EWd+OzQEACtxZ5Hu380WiK0Xew6xRILeAPvsVCS7pvv67//bVMibu9aMkoHcQ7sjP5ig0Jeue9J5w=="
    }
  }
}
