{
  "name": "@swellaby/eslint-config-node",
  "version": "0.0.4",
  "lockfileVersion": 1,
  "requires": true,
  "dependencies": {
    "@swellaby/eslint-config-env-node": {
      "version": "0.0.4",
      "resolved": "https://registry.npmjs.org/@swellaby/eslint-config-env-node/-/eslint-config-env-node-0.0.4.tgz",
      "integrity": "sha512-jjXMowAqoQu0VIM053aUaNG1ypg+2mYDR6/bIvJujp47oz4hPPUGvVd8UlnIFGxxaCl6WN6dKXZUHWGEvaVucQ=="
    },
    "@swellaby/eslint-config-recommended": {
      "version": "0.0.15",
      "resolved": "https://registry.npmjs.org/@swellaby/eslint-config-recommended/-/eslint-config-recommended-0.0.15.tgz",
      "integrity": "sha512-DOyO8KFfqSkpNbuy+GEqrhgPCgFOUKj9CaHk8U53oMUsvgoNgINosLAa13OHW6oTBAEGrMXe8sMVVX1rmNo6xg=="
    }
  }
}
