{
  "name": "@swellaby/eslint-config-node",
  "version": "1.0.2",
  "lockfileVersion": 1,
  "requires": true,
  "dependencies": {
    "@swellaby/eslint-config-env-node": {
      "version": "1.0.5",
      "resolved": "https://registry.npmjs.org/@swellaby/eslint-config-env-node/-/eslint-config-env-node-1.0.5.tgz",
      "integrity": "sha512-bv/3gOET6EWd+OzQEACtxZ5Hu380WiK0Xew6xRILeAPvsVCS7pvv67//bVMibu9aMkoHcQ7sjP5ig0Jeue9J5w=="
    },
    "@swellaby/eslint-config-recommended": {
      "version": "1.0.18",
      "resolved": "https://registry.npmjs.org/@swellaby/eslint-config-recommended/-/eslint-config-recommended-1.0.18.tgz",
      "integrity": "sha512-93RsJ/XAOgW+WL2ZBhNQdOvcC7chAHLrca0UhgDmVyqTnXxuasWtxtBfTa1aGmG5gAaf2mYsa3dL7DezBOJK2Q=="
    }
  }
}
